
Microsoft Visual Studio Solution File, Format Version 12.00
Project("{FAE04EC0-301F-11D3-BF4B-00C04F79EFBC}") = "planer_dnia", "planer_dnia\planer_dnia.csproj", "{04A82309-41D9-4E5F-9A9F-EF280B694A96}"
EndProject
Global
	GlobalSection(SolutionConfigurationPlatforms) = preSolution
		Debug|Any CPU = Debug|Any CPU
		Release|Any CPU = Release|Any CPU
	EndGlobalSection
	GlobalSection(ProjectConfigurationPlatforms) = postSolution
		{04A82309-41D9-4E5F-9A9F-EF280B694A96}.Debug|Any CPU.ActiveCfg = Debug|Any CPU
		{04A82309-41D9-4E5F-9A9F-EF280B694A96}.Debug|Any CPU.Build.0 = Debug|Any CPU
		{04A82309-41D9-4E5F-9A9F-EF280B694A96}.Release|Any CPU.ActiveCfg = Release|Any CPU
		{04A82309-41D9-4E5F-9A9F-EF280B694A96}.Release|Any CPU.Build.0 = Release|Any CPU
	EndGlobalSection
EndGlobal
